# This file is autogenerated, do not edit; changes may be undone by the next 'dep ensure'.


[[projects]]
  digest = "1:9afc639ef88d907f2e87ab68cbc63117b88d0d84238fd6b08224515d00a8136a"
  name = "github.com/alecthomas/gometalinter"
  packages = ["."]
  pruneopts = "UT"
  revision = "df395bfa67c5d0630d936c0044cf07ff05086655"
  version = "v3.0.0"

[[projects]]
  branch = "master"
  digest = "1:c198fdc381e898e8fb62b8eb62758195091c313ad18e52a3067366e1dda2fb3c"
  name = "github.com/alecthomas/units"
  packages = ["."]
  pruneopts = "UT"
  revision = "2efee857e7cfd4f3d0138cc3cbb1b4966962b93a"

[[projects]]
  digest = "1:7bd8b69b834619ba2748ae570f4b08acdc5b0f735d99f8b2fd52443908bc436a"
  name = "github.com/cweill/gotests"
  packages = [
    ".",
    "gotests",
    "gotests/process",
    "internal/goparser",
    "internal/input",
    "internal/models",
    "internal/output",
    "internal/render",
    "internal/render/bindata",
  ]
  pruneopts = "UT"
  revision = "893b5761d2ad1af5776fcb09e7faff817becb1d8"
  version = "v1.5.3"

[[projects]]
  branch = "master"
  digest = "1:473e7c5cbc58c538bce66e0ca2a033d31a3e7d9c6d5d96c6df1657b588bddac3"
  name = "github.com/google/shlex"
  packages = ["."]
  pruneopts = "UT"
  revision = "c34317bd91bf98fab745d77b03933cf8769299fe"

[[projects]]
  digest = "1:7157fd3f337f20f9058789e47f3341ae5cb77081fa01c1d678af5a03afea6f3e"
  name = "github.com/nicksnyder/go-i18n"
  packages = [
    "i18n",
    "i18n/bundle",
    "i18n/language",
    "i18n/translation",
  ]
  pruneopts = "UT"
  revision = "3c6ee9071cf061f4b0101e14412f74d6e7a8ada6"
  version = "v2.0.0"

[[projects]]
  digest = "1:93131d8002d7025da13582877c32d1fc302486775a1b06f62241741006428c5e"
  name = "github.com/pelletier/go-toml"
  packages = ["."]
  pruneopts = "UT"
  revision = "728039f679cbcd4f6a54e080d2219a4c4928c546"
  version = "v1.4.0"

[[projects]]
  branch = "master"
  digest = "1:5ed88c68e8ff11e085ec406c214dbbd94ca2dd52143e00c8e86c78d880576188"
  name = "github.com/vektra/mockery"
  packages = [
    "cmd/mockery",
    "mockery",
  ]
  pruneopts = "UT"
  revision = "e78b021dcbb558a8e7ac1fc5bc757ad7c277bb81"

[[projects]]
  branch = "master"
  digest = "1:7026eea9c10a8cfaa11a68d8e15259f09a1706dce5b9d736aa032991b5a2749d"
  name = "golang.org/x/tools"
  packages = [
    "go/ast/astutil",
    "go/gcexportdata",
    "go/internal/gcimporter",
    "go/internal/packagesdriver",
    "go/packages",
    "go/types/typeutil",
    "imports",
    "internal/fastwalk",
    "internal/gopathwalk",
    "internal/imports",
    "internal/module",
    "internal/semver",
  ]
  pruneopts = "UT"
  revision = "7e72c71c505fa4ee8da98520d2b0673ba2eefe56"

[[projects]]
  branch = "v3-unstable"
  digest = "1:9e71973a6f518a213cbbfa8c24feab33046b2835684818cb6b2c9ea73e823639"
  name = "gopkg.in/alecthomas/kingpin.v3-unstable"
  packages = ["."]
  pruneopts = "UT"
  revision = "df19058c872cddcd279411d709047160e543a700"

[[projects]]
  digest = "1:4d2e5a73dc1500038e504a8d78b986630e3626dc027bc030ba5c75da257cdb96"
  name = "gopkg.in/yaml.v2"
  packages = ["."]
  pruneopts = "UT"
  revision = "51d6538a90f86fe93ac480b35f37b2be17fef232"
  version = "v2.2.2"

[solve-meta]
  analyzer-name = "dep"
  analyzer-version = 1
  input-imports = [
    "github.com/alecthomas/gometalinter",
    "github.com/cweill/gotests/gotests",
    "github.com/vektra/mockery/cmd/mockery",
  ]
  solver-name = "gps-cdcl"
  solver-version = 1
